{
  "name": "cpsbili",
  "version": "1.0.0",
  "lockfileVersion": 3,
  "requires": true,
  "packages": {
    "": {
      "name": "cpsbili",
      "version": "1.0.0",
      "license": "ISC",
      "dependencies": {
        "egg-cors": "^2.2.3",
        "uview-ui": "^1.8.4"
      }
    },
    "node_modules/@koa/cors": {
      "version": "3.4.3",
      "resolved": "https://registry.npmjs.org/@koa/cors/-/cors-3.4.3.tgz",
      "integrity": "sha512-WPXQUaAeAMVaLTEFpoq3T2O1C+FstkjJnDQqy95Ck1UdILajsRhu6mhJ8H2f4NFPRBoCNN+qywTJfq/gGki5mw==",
      "dependencies": {
        "vary": "^1.1.2"
      },
      "engines": {
        "node": ">= 8.0.0"
      }
    },
    "node_modules/egg-cors": {
      "version": "2.2.3",
      "resolved": "https://registry.npmjs.org/egg-cors/-/egg-cors-2.2.3.tgz",
      "integrity": "sha512-MLG4pQekZpycLXR45ZAIgFpFYshosBxu1CMdhXAzqPzxUn0xI21gVzqLqcxUrzzulaErCwG6qMXaS1eFyj9u2w==",
      "dependencies": {
        "@koa/cors": "^3.0.0"
      },
      "engines": {
        "node": ">=8.0.0"
      }
    },
    "node_modules/uview-ui": {
      "version": "1.8.8",
      "resolved": "https://registry.npmmirror.com/uview-ui/-/uview-ui-1.8.8.tgz",
      "integrity": "sha512-Osal3yzXiHor0In9OPTZuXTaqTbDglMZ9RGK/MPYDoQQs+y0hrBCUD0Xp5T70C8i2lLu2X6Z11zJhmsQWMR7Jg=="
    },
    "node_modules/vary": {
      "version": "1.1.2",
      "resolved": "https://registry.npmjs.org/vary/-/vary-1.1.2.tgz",
      "integrity": "sha512-BNGbWLfd0eUPabhkXUVm0j8uuvREyTh5ovRa/dyow/BqAbZJyC+5fU+IzQOzmAKzYqYRAISoRhdQr3eIZ/PXqg==",
      "engines": {
        "node": ">= 0.8"
      }
    }
  }
}
